
Microsoft Visual Studio Solution File, Format Version 12.00
# Visual Studio Version 16
VisualStudioVersion = 16.0.31112.23
MinimumVisualStudioVersion = 10.0.40219.1
Project("{FAE04EC0-301F-11D3-BF4B-00C04F79EFBC}") = "DACNPM_MediaPlayer", "DACNPM_MediaPlayer.csproj", "{67DBF818-B897-4291-9E82-ABDD79D0C13D}"
EndProject
Global
	GlobalSection(SolutionConfigurationPlatforms) = preSolution
		Debug|Any CPU = Debug|Any CPU
		Release|Any CPU = Release|Any CPU
	EndGlobalSection
	GlobalSection(ProjectConfigurationPlatforms) = postSolution
		{67DBF818-B897-4291-9E82-ABDD79D0C13D}.Debug|Any CPU.ActiveCfg = Debug|Any CPU
		{67DBF818-B897-4291-9E82-ABDD79D0C13D}.Debug|Any CPU.Build.0 = Debug|Any CPU
		{67DBF818-B897-4291-9E82-ABDD79D0C13D}.Release|Any CPU.ActiveCfg = Release|Any CPU
		{67DBF818-B897-4291-9E82-ABDD79D0C13D}.Release|Any CPU.Build.0 = Release|Any CPU
	EndGlobalSection
	GlobalSection(SolutionProperties) = preSolution
		HideSolutionNode = FALSE
	EndGlobalSection
	GlobalSection(ExtensibilityGlobals) = postSolution
		SolutionGuid = {F61072DB-6ED8-4C99-9E8F-A9A700E1A3AD}
	EndGlobalSection
EndGlobal
